
Microsoft Visual Studio Solution File, Format Version 12.00
# Visual Studio Version 16
VisualStudioVersion = 16.0.29418.71
MinimumVisualStudioVersion = 10.0.40219.1
Project("{FAE04EC0-301F-11D3-BF4B-00C04F79EFBC}") = "GUI_Parser_KES", "GUI_Parser_KES\GUI_Parser_KES.csproj", "{865FE4A5-76E2-47E4-9EF9-7DED3032A360}"
EndProject
Project("{FAE04EC0-301F-11D3-BF4B-00C04F79EFBC}") = "FileManager_Parser_KES", "FileManager_Parser_KES\FileManager_Parser_KES.csproj", "{C6497D86-B358-425B-9374-085D7243081B}"
EndProject
Global
	GlobalSection(SolutionConfigurationPlatforms) = preSolution
		Debug|Any CPU = Debug|Any CPU
		Release|Any CPU = Release|Any CPU
	EndGlobalSection
	GlobalSection(ProjectConfigurationPlatforms) = postSolution
		{865FE4A5-76E2-47E4-9EF9-7DED3032A360}.Debug|Any CPU.ActiveCfg = Debug|Any CPU
		{865FE4A5-76E2-47E4-9EF9-7DED3032A360}.Debug|Any CPU.Build.0 = Debug|Any CPU
		{865FE4A5-76E2-47E4-9EF9-7DED3032A360}.Release|Any CPU.ActiveCfg = Release|Any CPU
		{865FE4A5-76E2-47E4-9EF9-7DED3032A360}.Release|Any CPU.Build.0 = Release|Any CPU
		{C6497D86-B358-425B-9374-085D7243081B}.Debug|Any CPU.ActiveCfg = Debug|Any CPU
		{C6497D86-B358-425B-9374-085D7243081B}.Debug|Any CPU.Build.0 = Debug|Any CPU
		{C6497D86-B358-425B-9374-085D7243081B}.Release|Any CPU.ActiveCfg = Release|Any CPU
		{C6497D86-B358-425B-9374-085D7243081B}.Release|Any CPU.Build.0 = Release|Any CPU
	EndGlobalSection
	GlobalSection(SolutionProperties) = preSolution
		HideSolutionNode = FALSE
	EndGlobalSection
	GlobalSection(ExtensibilityGlobals) = postSolution
		SolutionGuid = {D72EF37D-2BCE-4758-8191-5C1DCF85FF9D}
	EndGlobalSection
EndGlobal
